// !$*UTF8*$!
{
	archiveVersion = 1;
	classes = {
	};
	objectVersion = 48;
	objects = {

/* Begin PBXBuildFile section */
		471D557D1FC6BFF500E22B5C /* MessageOtherClass.m in Sources */ = {isa = PBXBuildFile; fileRef = 471D557C1FC6BFF400E22B5C /* MessageOtherClass.m */; };
		4774DD3C1FBEC81A00DEACF7 /* AppDelegate.m in Sources */ = {isa = PBXBuildFile; fileRef = 4774DD3B1FBEC81A00DEACF7 /* AppDelegate.m */; };
		4774DD3F1FBEC81A00DEACF7 /* MainViewController.m in Sources */ = {isa = PBXBuildFile; fileRef = 4774DD3E1FBEC81A00DEACF7 /* MainViewController.m */; };
		4774DD421FBEC81A00DEACF7 /* Main.storyboard in Resources */ = {isa = PBXBuildFile; fileRef = 4774DD401FBEC81A00DEACF7 /* Main.storyboard */; };
		4774DD441FBEC81A00DEACF7 /* Assets.xcassets in Resources */ = {isa = PBXBuildFile; fileRef = 4774DD431FBEC81A00DEACF7 /* Assets.xcassets */; };
		4774DD471FBEC81A00DEACF7 /* LaunchScreen.storyboard in Resources */ = {isa = PBXBuildFile; fileRef = 4774DD451FBEC81A00DEACF7 /* LaunchScreen.storyboard */; };
		4774DD4A1FBEC81A00DEACF7 /* main.m in Sources */ = {isa = PBXBuildFile; fileRef = 4774DD491FBEC81A00DEACF7 /* main.m */; };
		4774DD591FBEDD6C00DEACF7 /* MessageSuperClass.m in Sources */ = {isa = PBXBuildFile; fileRef = 4774DD581FBEDD6C00DEACF7 /* MessageSuperClass.m */; };
		4774DD5C1FBEDD7F00DEACF7 /* MessageSubClass.m in Sources */ = {isa = PBXBuildFile; fileRef = 4774DD5B1FBEDD7F00DEACF7 /* MessageSubClass.m */; };
		477DC87C1FCBD6D300A4AD3C /* Swizzling.m in Sources */ = {isa = PBXBuildFile; fileRef = 477DC87B1FCBD6D300A4AD3C /* Swizzling.m */; };
		479253561FC3CC4D0034AFDB /* LifeCycleNibVC.m in Sources */ = {isa = PBXBuildFile; fileRef = 479253541FC3CC4D0034AFDB /* LifeCycleNibVC.m */; };
		479253571FC3CC4D0034AFDB /* LifeCycleNibVC.xib in Resources */ = {isa = PBXBuildFile; fileRef = 479253551FC3CC4D0034AFDB /* LifeCycleNibVC.xib */; };
		4792535B1FC3D6A20034AFDB /* LifeCycleVC.m in Sources */ = {isa = PBXBuildFile; fileRef = 479253591FC3D6A20034AFDB /* LifeCycleVC.m */; };
		4792535C1FC3D6A20034AFDB /* LifeCycleVC.xib in Resources */ = {isa = PBXBuildFile; fileRef = 4792535A1FC3D6A20034AFDB /* LifeCycleVC.xib */; };
		4792535F1FC3D85D0034AFDB /* LifeCycleNoNibVC.m in Sources */ = {isa = PBXBuildFile; fileRef = 4792535E1FC3D85D0034AFDB /* LifeCycleNoNibVC.m */; };
		479253621FC3F2110034AFDB /* LifeCycleView.m in Sources */ = {isa = PBXBuildFile; fileRef = 479253611FC3F2110034AFDB /* LifeCycleView.m */; };
		479253651FC3F89D0034AFDB /* LifeCycleObject.m in Sources */ = {isa = PBXBuildFile; fileRef = 479253641FC3F89D0034AFDB /* LifeCycleObject.m */; };
		4798E5CA1FC2A6CE00499AC3 /* RunLoopTestVC.m in Sources */ = {isa = PBXBuildFile; fileRef = 4798E5C81FC2A6CE00499AC3 /* RunLoopTestVC.m */; };
		4798E5CB1FC2A6CE00499AC3 /* RunLoopTestVC.xib in Resources */ = {isa = PBXBuildFile; fileRef = 4798E5C91FC2A6CE00499AC3 /* RunLoopTestVC.xib */; };
		4798E5CE1FC2AA6800499AC3 /* DeepShallowCopyVC.m in Sources */ = {isa = PBXBuildFile; fileRef = 4798E5CD1FC2AA6800499AC3 /* DeepShallowCopyVC.m */; };
		4798E5D11FC2AB9E00499AC3 /* MessageForwardVC.m in Sources */ = {isa = PBXBuildFile; fileRef = 4798E5D01FC2AB9E00499AC3 /* MessageForwardVC.m */; };
		4798E5D41FC2ABE500499AC3 /* RunLoopVC.m in Sources */ = {isa = PBXBuildFile; fileRef = 4798E5D31FC2ABE500499AC3 /* RunLoopVC.m */; };
/* End PBXBuildFile section */

/* Begin PBXFileReference section */
		471D557B1FC6BFF400E22B5C /* MessageOtherClass.h */ = {isa = PBXFileReference; lastKnownFileType = sourcecode.c.h; path = MessageOtherClass.h; sourceTree = "<group>"; };
		471D557C1FC6BFF400E22B5C /* MessageOtherClass.m */ = {isa = PBXFileReference; lastKnownFileType = sourcecode.c.objc; path = MessageOtherClass.m; sourceTree = "<group>"; };
		4774DD371FBEC81A00DEACF7 /* BasicReview.app */ = {isa = PBXFileReference; explicitFileType = wrapper.application; includeInIndex = 0; path = BasicReview.app; sourceTree = BUILT_PRODUCTS_DIR; };
		4774DD3A1FBEC81A00DEACF7 /* AppDelegate.h */ = {isa = PBXFileReference; lastKnownFileType = sourcecode.c.h; path = AppDelegate.h; sourceTree = "<group>"; };
		4774DD3B1FBEC81A00DEACF7 /* AppDelegate.m */ = {isa = PBXFileReference; lastKnownFileType = sourcecode.c.objc; path = AppDelegate.m; sourceTree = "<group>"; };
		4774DD3D1FBEC81A00DEACF7 /* MainViewController.h */ = {isa = PBXFileReference; lastKnownFileType = sourcecode.c.h; path = MainViewController.h; sourceTree = "<group>"; };
		4774DD3E1FBEC81A00DEACF7 /* MainViewController.m */ = {isa = PBXFileReference; lastKnownFileType = sourcecode.c.objc; path = MainViewController.m; sourceTree = "<group>"; };
		4774DD411FBEC81A00DEACF7 /* Base */ = {isa = PBXFileReference; lastKnownFileType = file.storyboard; name = Base; path = Base.lproj/Main.storyboard; sourceTree = "<group>"; };
		4774DD431FBEC81A00DEACF7 /* Assets.xcassets */ = {isa = PBXFileReference; lastKnownFileType = folder.assetcatalog; path = Assets.xcassets; sourceTree = "<group>"; };
		4774DD461FBEC81A00DEACF7 /* Base */ = {isa = PBXFileReference; lastKnownFileType = file.storyboard; name = Base; path = Base.lproj/LaunchScreen.storyboard; sourceTree = "<group>"; };
		4774DD481FBEC81A00DEACF7 /* Info.plist */ = {isa = PBXFileReference; lastKnownFileType = text.plist.xml; path = Info.plist; sourceTree = "<group>"; };
		4774DD491FBEC81A00DEACF7 /* main.m */ = {isa = PBXFileReference; lastKnownFileType = sourcecode.c.objc; path = main.m; sourceTree = "<group>"; };
		4774DD571FBEDD6C00DEACF7 /* MessageSuperClass.h */ = {isa = PBXFileReference; lastKnownFileType = sourcecode.c.h; path = MessageSuperClass.h; sourceTree = "<group>"; };
		4774DD581FBEDD6C00DEACF7 /* MessageSuperClass.m */ = {isa = PBXFileReference; lastKnownFileType = sourcecode.c.objc; path = MessageSuperClass.m; sourceTree = "<group>"; };
		4774DD5A1FBEDD7F00DEACF7 /* MessageSubClass.h */ = {isa = PBXFileReference; lastKnownFileType = sourcecode.c.h; path = MessageSubClass.h; sourceTree = "<group>"; };
		4774DD5B1FBEDD7F00DEACF7 /* MessageSubClass.m */ = {isa = PBXFileReference; lastKnownFileType = sourcecode.c.objc; path = MessageSubClass.m; sourceTree = "<group>"; };
		477DC87A1FCBD6D300A4AD3C /* Swizzling.h */ = {isa = PBXFileReference; lastKnownFileType = sourcecode.c.h; path = Swizzling.h; sourceTree = "<group>"; };
		477DC87B1FCBD6D300A4AD3C /* Swizzling.m */ = {isa = PBXFileReference; lastKnownFileType = sourcecode.c.objc; path = Swizzling.m; sourceTree = "<group>"; };
		479253531FC3CC4D0034AFDB /* LifeCycleNibVC.h */ = {isa = PBXFileReference; lastKnownFileType = sourcecode.c.h; path = LifeCycleNibVC.h; sourceTree = "<group>"; };
		479253541FC3CC4D0034AFDB /* LifeCycleNibVC.m */ = {isa = PBXFileReference; lastKnownFileType = sourcecode.c.objc; path = LifeCycleNibVC.m; sourceTree = "<group>"; };
		479253551FC3CC4D0034AFDB /* LifeCycleNibVC.xib */ = {isa = PBXFileReference; lastKnownFileType = file.xib; path = LifeCycleNibVC.xib; sourceTree = "<group>"; };
		479253581FC3D6A20034AFDB /* LifeCycleVC.h */ = {isa = PBXFileReference; lastKnownFileType = sourcecode.c.h; path = LifeCycleVC.h; sourceTree = "<group>"; };
		479253591FC3D6A20034AFDB /* LifeCycleVC.m */ = {isa = PBXFileReference; lastKnownFileType = sourcecode.c.objc; path = LifeCycleVC.m; sourceTree = "<group>"; };
		4792535A1FC3D6A20034AFDB /* LifeCycleVC.xib */ = {isa = PBXFileReference; lastKnownFileType = file.xib; path = LifeCycleVC.xib; sourceTree = "<group>"; };
		4792535D1FC3D85D0034AFDB /* LifeCycleNoNibVC.h */ = {isa = PBXFileReference; lastKnownFileType = sourcecode.c.h; path = LifeCycleNoNibVC.h; sourceTree = "<group>"; };
		4792535E1FC3D85D0034AFDB /* LifeCycleNoNibVC.m */ = {isa = PBXFileReference; lastKnownFileType = sourcecode.c.objc; path = LifeCycleNoNibVC.m; sourceTree = "<group>"; };
		479253601FC3F2110034AFDB /* LifeCycleView.h */ = {isa = PBXFileReference; lastKnownFileType = sourcecode.c.h; path = LifeCycleView.h; sourceTree = "<group>"; };
		479253611FC3F2110034AFDB /* LifeCycleView.m */ = {isa = PBXFileReference; lastKnownFileType = sourcecode.c.objc; path = LifeCycleView.m; sourceTree = "<group>"; };
		479253631FC3F89D0034AFDB /* LifeCycleObject.h */ = {isa = PBXFileReference; lastKnownFileType = sourcecode.c.h; path = LifeCycleObject.h; sourceTree = "<group>"; };
		479253641FC3F89D0034AFDB /* LifeCycleObject.m */ = {isa = PBXFileReference; lastKnownFileType = sourcecode.c.objc; path = LifeCycleObject.m; sourceTree = "<group>"; };
		4798E5C71FC2A6CE00499AC3 /* RunLoopTestVC.h */ = {isa = PBXFileReference; lastKnownFileType = sourcecode.c.h; path = RunLoopTestVC.h; sourceTree = "<group>"; };
		4798E5C81FC2A6CE00499AC3 /* RunLoopTestVC.m */ = {isa = PBXFileReference; lastKnownFileType = sourcecode.c.objc; path = RunLoopTestVC.m; sourceTree = "<group>"; };
		4798E5C91FC2A6CE00499AC3 /* RunLoopTestVC.xib */ = {isa = PBXFileReference; lastKnownFileType = file.xib; path = RunLoopTestVC.xib; sourceTree = "<group>"; };
		4798E5CC1FC2AA6800499AC3 /* DeepShallowCopyVC.h */ = {isa = PBXFileReference; lastKnownFileType = sourcecode.c.h; path = DeepShallowCopyVC.h; sourceTree = "<group>"; };
		4798E5CD1FC2AA6800499AC3 /* DeepShallowCopyVC.m */ = {isa = PBXFileReference; lastKnownFileType = sourcecode.c.objc; path = DeepShallowCopyVC.m; sourceTree = "<group>"; };
		4798E5CF1FC2AB9E00499AC3 /* MessageForwardVC.h */ = {isa = PBXFileReference; lastKnownFileType = sourcecode.c.h; path = MessageForwardVC.h; sourceTree = "<group>"; };
		4798E5D01FC2AB9E00499AC3 /* MessageForwardVC.m */ = {isa = PBXFileReference; lastKnownFileType = sourcecode.c.objc; path = MessageForwardVC.m; sourceTree = "<group>"; };
		4798E5D21FC2ABE500499AC3 /* RunLoopVC.h */ = {isa = PBXFileReference; lastKnownFileType = sourcecode.c.h; path = RunLoopVC.h; sourceTree = "<group>"; };
		4798E5D31FC2ABE500499AC3 /* RunLoopVC.m */ = {isa = PBXFileReference; lastKnownFileType = sourcecode.c.objc; path = RunLoopVC.m; sourceTree = "<group>"; };
/* End PBXFileReference section */

/* Begin PBXFrameworksBuildPhase section */
		4774DD341FBEC81A00DEACF7 /* Frameworks */ = {
			isa = PBXFrameworksBuildPhase;
			buildActionMask = 2147483647;
			files = (
			);
			runOnlyForDeploymentPostprocessing = 0;
		};
/* End PBXFrameworksBuildPhase section */

/* Begin PBXGroup section */
		4774DD2E1FBEC81A00DEACF7 = {
			isa = PBXGroup;
			children = (
				4774DD391FBEC81A00DEACF7 /* BasicReview */,
				4774DD381FBEC81A00DEACF7 /* Products */,
			);
			sourceTree = "<group>";
		};
		4774DD381FBEC81A00DEACF7 /* Products */ = {
			isa = PBXGroup;
			children = (
				4774DD371FBEC81A00DEACF7 /* BasicReview.app */,
			);
			name = Products;
			sourceTree = "<group>";
		};
		4774DD391FBEC81A00DEACF7 /* BasicReview */ = {
			isa = PBXGroup;
			children = (
				4774DD511FBEC83F00DEACF7 /* Basic */,
				4774DD3A1FBEC81A00DEACF7 /* AppDelegate.h */,
				4774DD3B1FBEC81A00DEACF7 /* AppDelegate.m */,
				4774DD3D1FBEC81A00DEACF7 /* MainViewController.h */,
				4774DD3E1FBEC81A00DEACF7 /* MainViewController.m */,
				4774DD401FBEC81A00DEACF7 /* Main.storyboard */,
				4774DD431FBEC81A00DEACF7 /* Assets.xcassets */,
				4774DD451FBEC81A00DEACF7 /* LaunchScreen.storyboard */,
				4774DD481FBEC81A00DEACF7 /* Info.plist */,
				4774DD491FBEC81A00DEACF7 /* main.m */,
			);
			path = BasicReview;
			sourceTree = "<group>";
		};
		4774DD511FBEC83F00DEACF7 /* Basic */ = {
			isa = PBXGroup;
			children = (
				478C7A0F1FC5718800219544 /* Runtime */,
				479253521FC3BDBE0034AFDB /* LifeCycle */,
				479253511FC3BBF30034AFDB /* Thread */,
				4798E5C61FC268D300499AC3 /* RunLoop */,
				4774DD561FBEDCB000DEACF7 /* Message */,
				4774DD551FBEDCA100DEACF7 /* Copy */,
			);
			path = Basic;
			sourceTree = "<group>";
		};
		4774DD551FBEDCA100DEACF7 /* Copy */ = {
			isa = PBXGroup;
			children = (
				4798E5CC1FC2AA6800499AC3 /* DeepShallowCopyVC.h */,
				4798E5CD1FC2AA6800499AC3 /* DeepShallowCopyVC.m */,
			);
			path = Copy;
			sourceTree = "<group>";
		};
		4774DD561FBEDCB000DEACF7 /* Message */ = {
			isa = PBXGroup;
			children = (
				4774DD571FBEDD6C00DEACF7 /* MessageSuperClass.h */,
				4774DD581FBEDD6C00DEACF7 /* MessageSuperClass.m */,
				4774DD5A1FBEDD7F00DEACF7 /* MessageSubClass.h */,
				4774DD5B1FBEDD7F00DEACF7 /* MessageSubClass.m */,
				4798E5CF1FC2AB9E00499AC3 /* MessageForwardVC.h */,
				4798E5D01FC2AB9E00499AC3 /* MessageForwardVC.m */,
				471D557B1FC6BFF400E22B5C /* MessageOtherClass.h */,
				471D557C1FC6BFF400E22B5C /* MessageOtherClass.m */,
			);
			path = Message;
			sourceTree = "<group>";
		};
		477DC8791FCBD5C700A4AD3C /* swizzling */ = {
			isa = PBXGroup;
			children = (
				477DC87A1FCBD6D300A4AD3C /* Swizzling.h */,
				477DC87B1FCBD6D300A4AD3C /* Swizzling.m */,
			);
			path = swizzling;
			sourceTree = "<group>";
		};
		477DC87D1FCBECE000A4AD3C /* associatedObject */ = {
			isa = PBXGroup;
			children = (
			);
			path = associatedObject;
			sourceTree = "<group>";
		};
		477DC87E1FCBF82400A4AD3C /* SyncAndAsync */ = {
			isa = PBXGroup;
			children = (
			);
			path = SyncAndAsync;
			sourceTree = "<group>";
		};
		478C7A0F1FC5718800219544 /* Runtime */ = {
			isa = PBXGroup;
			children = (
				477DC87D1FCBECE000A4AD3C /* associatedObject */,
				477DC8791FCBD5C700A4AD3C /* swizzling */,
			);
			path = Runtime;
			sourceTree = "<group>";
		};
		479253511FC3BBF30034AFDB /* Thread */ = {
			isa = PBXGroup;
			children = (
				477DC87E1FCBF82400A4AD3C /* SyncAndAsync */,
			);
			path = Thread;
			sourceTree = "<group>";
		};
		479253521FC3BDBE0034AFDB /* LifeCycle */ = {
			isa = PBXGroup;
			children = (
				479253681FC3FAAD0034AFDB /* object */,
				479253671FC3FAA40034AFDB /* viewController */,
				479253661FC3FA970034AFDB /* view */,
				479253581FC3D6A20034AFDB /* LifeCycleVC.h */,
				479253591FC3D6A20034AFDB /* LifeCycleVC.m */,
				4792535A1FC3D6A20034AFDB /* LifeCycleVC.xib */,
			);
			path = LifeCycle;
			sourceTree = "<group>";
		};
		479253661FC3FA970034AFDB /* view */ = {
			isa = PBXGroup;
			children = (
				479253601FC3F2110034AFDB /* LifeCycleView.h */,
				479253611FC3F2110034AFDB /* LifeCycleView.m */,
			);
			path = view;
			sourceTree = "<group>";
		};
		479253671FC3FAA40034AFDB /* viewController */ = {
			isa = PBXGroup;
			children = (
				479253531FC3CC4D0034AFDB /* LifeCycleNibVC.h */,
				479253541FC3CC4D0034AFDB /* LifeCycleNibVC.m */,
				479253551FC3CC4D0034AFDB /* LifeCycleNibVC.xib */,
				4792535D1FC3D85D0034AFDB /* LifeCycleNoNibVC.h */,
				4792535E1FC3D85D0034AFDB /* LifeCycleNoNibVC.m */,
			);
			path = viewController;
			sourceTree = "<group>";
		};
		479253681FC3FAAD0034AFDB /* object */ = {
			isa = PBXGroup;
			children = (
				479253631FC3F89D0034AFDB /* LifeCycleObject.h */,
				479253641FC3F89D0034AFDB /* LifeCycleObject.m */,
			);
			path = object;
			sourceTree = "<group>";
		};
		4798E5C61FC268D300499AC3 /* RunLoop */ = {
			isa = PBXGroup;
			children = (
				4798E5C71FC2A6CE00499AC3 /* RunLoopTestVC.h */,
				4798E5C81FC2A6CE00499AC3 /* RunLoopTestVC.m */,
				4798E5C91FC2A6CE00499AC3 /* RunLoopTestVC.xib */,
				4798E5D21FC2ABE500499AC3 /* RunLoopVC.h */,
				4798E5D31FC2ABE500499AC3 /* RunLoopVC.m */,
			);
			path = RunLoop;
			sourceTree = "<group>";
		};
/* End PBXGroup section */

/* Begin PBXNativeTarget section */
		4774DD361FBEC81A00DEACF7 /* BasicReview */ = {
			isa = PBXNativeTarget;
			buildConfigurationList = 4774DD4D1FBEC81A00DEACF7 /* Build configuration list for PBXNativeTarget "BasicReview" */;
			buildPhases = (
				4774DD331FBEC81A00DEACF7 /* Sources */,
				4774DD341FBEC81A00DEACF7 /* Frameworks */,
				4774DD351FBEC81A00DEACF7 /* Resources */,
			);
			buildRules = (
			);
			dependencies = (
			);
			name = BasicReview;
			productName = BasicReview;
			productReference = 4774DD371FBEC81A00DEACF7 /* BasicReview.app */;
			productType = "com.apple.product-type.application";
		};
/* End PBXNativeTarget section */

/* Begin PBXProject section */
		4774DD2F1FBEC81A00DEACF7 /* Project object */ = {
			isa = PBXProject;
			attributes = {
				LastUpgradeCheck = 0900;
				ORGANIZATIONNAME = near;
				TargetAttributes = {
					4774DD361FBEC81A00DEACF7 = {
						CreatedOnToolsVersion = 9.0.1;
						ProvisioningStyle = Automatic;
					};
				};
			};
			buildConfigurationList = 4774DD321FBEC81A00DEACF7 /* Build configuration list for PBXProject "BasicReview" */;
			compatibilityVersion = "Xcode 8.0";
			developmentRegion = en;
			hasScannedForEncodings = 0;
			knownRegions = (
				en,
				Base,
			);
			mainGroup = 4774DD2E1FBEC81A00DEACF7;
			productRefGroup = 4774DD381FBEC81A00DEACF7 /* Products */;
			projectDirPath = "";
			projectRoot = "";
			targets = (
				4774DD361FBEC81A00DEACF7 /* BasicReview */,
			);
		};
/* End PBXProject section */

/* Begin PBXResourcesBuildPhase section */
		4774DD351FBEC81A00DEACF7 /* Resources */ = {
			isa = PBXResourcesBuildPhase;
			buildActionMask = 2147483647;
			files = (
				4774DD471FBEC81A00DEACF7 /* LaunchScreen.storyboard in Resources */,
				4792535C1FC3D6A20034AFDB /* LifeCycleVC.xib in Resources */,
				479253571FC3CC4D0034AFDB /* LifeCycleNibVC.xib in Resources */,
				4774DD441FBEC81A00DEACF7 /* Assets.xcassets in Resources */,
				4798E5CB1FC2A6CE00499AC3 /* RunLoopTestVC.xib in Resources */,
				4774DD421FBEC81A00DEACF7 /* Main.storyboard in Resources */,
			);
			runOnlyForDeploymentPostprocessing = 0;
		};
/* End PBXResourcesBuildPhase section */

/* Begin PBXSourcesBuildPhase section */
		4774DD331FBEC81A00DEACF7 /* Sources */ = {
			isa = PBXSourcesBuildPhase;
			buildActionMask = 2147483647;
			files = (
				479253621FC3F2110034AFDB /* LifeCycleView.m in Sources */,
				4798E5D11FC2AB9E00499AC3 /* MessageForwardVC.m in Sources */,
				479253561FC3CC4D0034AFDB /* LifeCycleNibVC.m in Sources */,
				4774DD3F1FBEC81A00DEACF7 /* MainViewController.m in Sources */,
				4792535B1FC3D6A20034AFDB /* LifeCycleVC.m in Sources */,
				471D557D1FC6BFF500E22B5C /* MessageOtherClass.m in Sources */,
				4792535F1FC3D85D0034AFDB /* LifeCycleNoNibVC.m in Sources */,
				4798E5CA1FC2A6CE00499AC3 /* RunLoopTestVC.m in Sources */,
				477DC87C1FCBD6D300A4AD3C /* Swizzling.m in Sources */,
				4798E5D41FC2ABE500499AC3 /* RunLoopVC.m in Sources */,
				4798E5CE1FC2AA6800499AC3 /* DeepShallowCopyVC.m in Sources */,
				4774DD4A1FBEC81A00DEACF7 /* main.m in Sources */,
				4774DD3C1FBEC81A00DEACF7 /* AppDelegate.m in Sources */,
				4774DD5C1FBEDD7F00DEACF7 /* MessageSubClass.m in Sources */,
				4774DD591FBEDD6C00DEACF7 /* MessageSuperClass.m in Sources */,
				479253651FC3F89D0034AFDB /* LifeCycleObject.m in Sources */,
			);
			runOnlyForDeploymentPostprocessing = 0;
		};
/* End PBXSourcesBuildPhase section */

/* Begin PBXVariantGroup section */
		4774DD401FBEC81A00DEACF7 /* Main.storyboard */ = {
			isa = PBXVariantGroup;
			children = (
				4774DD411FBEC81A00DEACF7 /* Base */,
			);
			name = Main.storyboard;
			sourceTree = "<group>";
		};
		4774DD451FBEC81A00DEACF7 /* LaunchScreen.storyboard */ = {
			isa = PBXVariantGroup;
			children = (
				4774DD461FBEC81A00DEACF7 /* Base */,
			);
			name = LaunchScreen.storyboard;
			sourceTree = "<group>";
		};
/* End PBXVariantGroup section */

/* Begin XCBuildConfiguration section */
		4774DD4B1FBEC81A00DEACF7 /* Debug */ = {
			isa = XCBuildConfiguration;
			buildSettings = {
				ALWAYS_SEARCH_USER_PATHS = NO;
				CLANG_ANALYZER_NONNULL = YES;
				CLANG_ANALYZER_NUMBER_OBJECT_CONVERSION = YES_AGGRESSIVE;
				CLANG_CXX_LANGUAGE_STANDARD = "gnu++14";
				CLANG_CXX_LIBRARY = "libc++";
				CLANG_ENABLE_MODULES = YES;
				CLANG_ENABLE_OBJC_ARC = YES;
				CLANG_WARN_BLOCK_CAPTURE_AUTORELEASING = YES;
				CLANG_WARN_BOOL_CONVERSION = YES;
				CLANG_WARN_COMMA = YES;
				CLANG_WARN_CONSTANT_CONVERSION = YES;
				CLANG_WARN_DIRECT_OBJC_ISA_USAGE = YES_ERROR;
				CLANG_WARN_DOCUMENTATION_COMMENTS = YES;
				CLANG_WARN_EMPTY_BODY = YES;
				CLANG_WARN_ENUM_CONVERSION = YES;
				CLANG_WARN_INFINITE_RECURSION = YES;
				CLANG_WARN_INT_CONVERSION = YES;
				CLANG_WARN_NON_LITERAL_NULL_CONVERSION = YES;
				CLANG_WARN_OBJC_LITERAL_CONVERSION = YES;
				CLANG_WARN_OBJC_ROOT_CLASS = YES_ERROR;
				CLANG_WARN_RANGE_LOOP_ANALYSIS = YES;
				CLANG_WARN_STRICT_PROTOTYPES = YES;
				CLANG_WARN_SUSPICIOUS_MOVE = YES;
				CLANG_WARN_UNGUARDED_AVAILABILITY = YES_AGGRESSIVE;
				CLANG_WARN_UNREACHABLE_CODE = YES;
				CLANG_WARN__DUPLICATE_METHOD_MATCH = YES;
				CODE_SIGN_IDENTITY = "iPhone Developer";
				COPY_PHASE_STRIP = NO;
				DEBUG_INFORMATION_FORMAT = dwarf;
				ENABLE_STRICT_OBJC_MSGSEND = YES;
				ENABLE_TESTABILITY = YES;
				GCC_C_LANGUAGE_STANDARD = gnu11;
				GCC_DYNAMIC_NO_PIC = NO;
				GCC_NO_COMMON_BLOCKS = YES;
				GCC_OPTIMIZATION_LEVEL = 0;
				GCC_PREPROCESSOR_DEFINITIONS = (
					"DEBUG=1",
					"$(inherited)",
				);
				GCC_WARN_64_TO_32_BIT_CONVERSION = YES;
				GCC_WARN_ABOUT_RETURN_TYPE = YES_ERROR;
				GCC_WARN_UNDECLARED_SELECTOR = YES;
				GCC_WARN_UNINITIALIZED_AUTOS = YES_AGGRESSIVE;
				GCC_WARN_UNUSED_FUNCTION = YES;
				GCC_WARN_UNUSED_VARIABLE = YES;
				IPHONEOS_DEPLOYMENT_TARGET = 11.0;
				MTL_ENABLE_DEBUG_INFO = YES;
				ONLY_ACTIVE_ARCH = YES;
				SDKROOT = iphoneos;
			};
			name = Debug;
		};
		4774DD4C1FBEC81A00DEACF7 /* Release */ = {
			isa = XCBuildConfiguration;
			buildSettings = {
				ALWAYS_SEARCH_USER_PATHS = NO;
				CLANG_ANALYZER_NONNULL = YES;
				CLANG_ANALYZER_NUMBER_OBJECT_CONVERSION = YES_AGGRESSIVE;
				CLANG_CXX_LANGUAGE_STANDARD = "gnu++14";
				CLANG_CXX_LIBRARY = "libc++";
				CLANG_ENABLE_MODULES = YES;
				CLANG_ENABLE_OBJC_ARC = YES;
				CLANG_WARN_BLOCK_CAPTURE_AUTORELEASING = YES;
				CLANG_WARN_BOOL_CONVERSION = YES;
				CLANG_WARN_COMMA = YES;
				CLANG_WARN_CONSTANT_CONVERSION = YES;
				CLANG_WARN_DIRECT_OBJC_ISA_USAGE = YES_ERROR;
				CLANG_WARN_DOCUMENTATION_COMMENTS = YES;
				CLANG_WARN_EMPTY_BODY = YES;
				CLANG_WARN_ENUM_CONVERSION = YES;
				CLANG_WARN_INFINITE_RECURSION = YES;
				CLANG_WARN_INT_CONVERSION = YES;
				CLANG_WARN_NON_LITERAL_NULL_CONVERSION = YES;
				CLANG_WARN_OBJC_LITERAL_CONVERSION = YES;
				CLANG_WARN_OBJC_ROOT_CLASS = YES_ERROR;
				CLANG_WARN_RANGE_LOOP_ANALYSIS = YES;
				CLANG_WARN_STRICT_PROTOTYPES = YES;
				CLANG_WARN_SUSPICIOUS_MOVE = YES;
				CLANG_WARN_UNGUARDED_AVAILABILITY = YES_AGGRESSIVE;
				CLANG_WARN_UNREACHABLE_CODE = YES;
				CLANG_WARN__DUPLICATE_METHOD_MATCH = YES;
				CODE_SIGN_IDENTITY = "iPhone Developer";
				COPY_PHASE_STRIP = NO;
				DEBUG_INFORMATION_FORMAT = "dwarf-with-dsym";
				ENABLE_NS_ASSERTIONS = NO;
				ENABLE_STRICT_OBJC_MSGSEND = YES;
				GCC_C_LANGUAGE_STANDARD = gnu11;
				GCC_NO_COMMON_BLOCKS = YES;
				GCC_WARN_64_TO_32_BIT_CONVERSION = YES;
				GCC_WARN_ABOUT_RETURN_TYPE = YES_ERROR;
				GCC_WARN_UNDECLARED_SELECTOR = YES;
				GCC_WARN_UNINITIALIZED_AUTOS = YES_AGGRESSIVE;
				GCC_WARN_UNUSED_FUNCTION = YES;
				GCC_WARN_UNUSED_VARIABLE = YES;
				IPHONEOS_DEPLOYMENT_TARGET = 11.0;
				MTL_ENABLE_DEBUG_INFO = NO;
				SDKROOT = iphoneos;
				VALIDATE_PRODUCT = YES;
			};
			name = Release;
		};
		4774DD4E1FBEC81A00DEACF7 /* Debug */ = {
			isa = XCBuildConfiguration;
			buildSettings = {
				ASSETCATALOG_COMPILER_APPICON_NAME = AppIcon;
				CODE_SIGN_STYLE = Automatic;
				INFOPLIST_FILE = BasicReview/Info.plist;
				LD_RUNPATH_SEARCH_PATHS = "$(inherited) @executable_path/Frameworks";
				PRODUCT_BUNDLE_IDENTIFIER = com.chaoyang.yu.BasicReview;
				PRODUCT_NAME = "$(TARGET_NAME)";
				TARGETED_DEVICE_FAMILY = "1,2";
			};
			name = Debug;
		};
		4774DD4F1FBEC81A00DEACF7 /* Release */ = {
			isa = XCBuildConfiguration;
			buildSettings = {
				ASSETCATALOG_COMPILER_APPICON_NAME = AppIcon;
				CODE_SIGN_STYLE = Automatic;
				INFOPLIST_FILE = BasicReview/Info.plist;
				LD_RUNPATH_SEARCH_PATHS = "$(inherited) @executable_path/Frameworks";
				PRODUCT_BUNDLE_IDENTIFIER = com.chaoyang.yu.BasicReview;
				PRODUCT_NAME = "$(TARGET_NAME)";
				TARGETED_DEVICE_FAMILY = "1,2";
			};
			name = Release;
		};
/* End XCBuildConfiguration section */

/* Begin XCConfigurationList section */
		4774DD321FBEC81A00DEACF7 /* Build configuration list for PBXProject "BasicReview" */ = {
			isa = XCConfigurationList;
			buildConfigurations = (
				4774DD4B1FBEC81A00DEACF7 /* Debug */,
				4774DD4C1FBEC81A00DEACF7 /* Release */,
			);
			defaultConfigurationIsVisible = 0;
			defaultConfigurationName = Release;
		};
		4774DD4D1FBEC81A00DEACF7 /* Build configuration list for PBXNativeTarget "BasicReview" */ = {
			isa = XCConfigurationList;
			buildConfigurations = (
				4774DD4E1FBEC81A00DEACF7 /* Debug */,
				4774DD4F1FBEC81A00DEACF7 /* Release */,
			);
			defaultConfigurationIsVisible = 0;
			defaultConfigurationName = Release;
		};
/* End XCConfigurationList section */
	};
	rootObject = 4774DD2F1FBEC81A00DEACF7 /* Project object */;
}
